// !$*UTF8*$!
{
	archiveVersion = 1;
	classes = {
	};
	objectVersion = 51;
	objects = {

/* Begin PBXBuildFile section */
		2EE95CA355A4400E2AB57AB8 /* Pods_StockEye.framework in Frameworks */ = {isa = PBXBuildFile; fileRef = A0406EAAA28BD1EFFCF5A973 /* Pods_StockEye.framework */; };
		9D19354B2697239900BAFD2D /* SearchPlaceholderView.swift in Sources */ = {isa = PBXBuildFile; fileRef = 9D19354A2697239900BAFD2D /* SearchPlaceholderView.swift */; };
		9D19354E26972A1000BAFD2D /* UIAnimatable.swift in Sources */ = {isa = PBXBuildFile; fileRef = 9D19354D26972A1000BAFD2D /* UIAnimatable.swift */; };
		9D52F23F2694DD6600DAF90B /* AppDelegate.swift in Sources */ = {isa = PBXBuildFile; fileRef = 9D52F23E2694DD6600DAF90B /* AppDelegate.swift */; };
		9D52F2412694DD6600DAF90B /* SceneDelegate.swift in Sources */ = {isa = PBXBuildFile; fileRef = 9D52F2402694DD6600DAF90B /* SceneDelegate.swift */; };
		9D52F2432694DD6600DAF90B /* SearchTableViewController.swift in Sources */ = {isa = PBXBuildFile; fileRef = 9D52F2422694DD6600DAF90B /* SearchTableViewController.swift */; };
		9D52F2462694DD6600DAF90B /* Main.storyboard in Resources */ = {isa = PBXBuildFile; fileRef = 9D52F2442694DD6600DAF90B /* Main.storyboard */; };
		9D52F2482694DD6700DAF90B /* Assets.xcassets in Resources */ = {isa = PBXBuildFile; fileRef = 9D52F2472694DD6700DAF90B /* Assets.xcassets */; };
		9D52F24B2694DD6700DAF90B /* LaunchScreen.storyboard in Resources */ = {isa = PBXBuildFile; fileRef = 9D52F2492694DD6700DAF90B /* LaunchScreen.storyboard */; };
		9D65BA7D269C677B00581655 /* String+Extensions.swift in Sources */ = {isa = PBXBuildFile; fileRef = 9D65BA7C269C677B00581655 /* String+Extensions.swift */; };
		9D65BA7F269C6A7700581655 /* Asset.swift in Sources */ = {isa = PBXBuildFile; fileRef = 9D65BA7E269C6A7700581655 /* Asset.swift */; };
		9D65BA81269C6CAF00581655 /* CalculatorTableViewController.swift in Sources */ = {isa = PBXBuildFile; fileRef = 9D65BA80269C6CAF00581655 /* CalculatorTableViewController.swift */; };
		9D7434AE26978083004922B4 /* TimeSeriesMonthlyAdjusted.swift in Sources */ = {isa = PBXBuildFile; fileRef = 9D7434AD26978083004922B4 /* TimeSeriesMonthlyAdjusted.swift */; };
		9D87777D2695BE7B00A6FE7E /* APIService.swift in Sources */ = {isa = PBXBuildFile; fileRef = 9D87777C2695BE7B00A6FE7E /* APIService.swift */; };
		9D8777802695C48400A6FE7E /* SearchResults.swift in Sources */ = {isa = PBXBuildFile; fileRef = 9D87777F2695C48400A6FE7E /* SearchResults.swift */; };
		9DD136C72694E6AD00D17C00 /* SearchTableViewCell.swift in Sources */ = {isa = PBXBuildFile; fileRef = 9DD136C62694E6AD00D17C00 /* SearchTableViewCell.swift */; };
/* End PBXBuildFile section */

/* Begin PBXFileReference section */
		339F12B964F65BDF89D65375 /* Pods-StockEye.debug.xcconfig */ = {isa = PBXFileReference; includeInIndex = 1; lastKnownFileType = text.xcconfig; name = "Pods-StockEye.debug.xcconfig"; path = "Target Support Files/Pods-StockEye/Pods-StockEye.debug.xcconfig"; sourceTree = "<group>"; };
		9D19354A2697239900BAFD2D /* SearchPlaceholderView.swift */ = {isa = PBXFileReference; lastKnownFileType = sourcecode.swift; path = SearchPlaceholderView.swift; sourceTree = "<group>"; };
		9D19354D26972A1000BAFD2D /* UIAnimatable.swift */ = {isa = PBXFileReference; lastKnownFileType = sourcecode.swift; path = UIAnimatable.swift; sourceTree = "<group>"; };
		9D52F23B2694DD6600DAF90B /* StockEye.app */ = {isa = PBXFileReference; explicitFileType = wrapper.application; includeInIndex = 0; path = StockEye.app; sourceTree = BUILT_PRODUCTS_DIR; };
		9D52F23E2694DD6600DAF90B /* AppDelegate.swift */ = {isa = PBXFileReference; lastKnownFileType = sourcecode.swift; path = AppDelegate.swift; sourceTree = "<group>"; };
		9D52F2402694DD6600DAF90B /* SceneDelegate.swift */ = {isa = PBXFileReference; lastKnownFileType = sourcecode.swift; path = SceneDelegate.swift; sourceTree = "<group>"; };
		9D52F2422694DD6600DAF90B /* SearchTableViewController.swift */ = {isa = PBXFileReference; lastKnownFileType = sourcecode.swift; path = SearchTableViewController.swift; sourceTree = "<group>"; };
		9D52F2452694DD6600DAF90B /* Base */ = {isa = PBXFileReference; lastKnownFileType = file.storyboard; name = Base; path = Base.lproj/Main.storyboard; sourceTree = "<group>"; };
		9D52F2472694DD6700DAF90B /* Assets.xcassets */ = {isa = PBXFileReference; lastKnownFileType = folder.assetcatalog; path = Assets.xcassets; sourceTree = "<group>"; };
		9D52F24A2694DD6700DAF90B /* Base */ = {isa = PBXFileReference; lastKnownFileType = file.storyboard; name = Base; path = Base.lproj/LaunchScreen.storyboard; sourceTree = "<group>"; };
		9D52F24C2694DD6700DAF90B /* Info.plist */ = {isa = PBXFileReference; lastKnownFileType = text.plist.xml; path = Info.plist; sourceTree = "<group>"; };
		9D65BA7C269C677B00581655 /* String+Extensions.swift */ = {isa = PBXFileReference; lastKnownFileType = sourcecode.swift; path = "String+Extensions.swift"; sourceTree = "<group>"; };
		9D65BA7E269C6A7700581655 /* Asset.swift */ = {isa = PBXFileReference; lastKnownFileType = sourcecode.swift; path = Asset.swift; sourceTree = "<group>"; };
		9D65BA80269C6CAF00581655 /* CalculatorTableViewController.swift */ = {isa = PBXFileReference; lastKnownFileType = sourcecode.swift; path = CalculatorTableViewController.swift; sourceTree = "<group>"; };
		9D7434AD26978083004922B4 /* TimeSeriesMonthlyAdjusted.swift */ = {isa = PBXFileReference; lastKnownFileType = sourcecode.swift; path = TimeSeriesMonthlyAdjusted.swift; sourceTree = "<group>"; };
		9D87777C2695BE7B00A6FE7E /* APIService.swift */ = {isa = PBXFileReference; lastKnownFileType = sourcecode.swift; path = APIService.swift; sourceTree = "<group>"; };
		9D87777F2695C48400A6FE7E /* SearchResults.swift */ = {isa = PBXFileReference; lastKnownFileType = sourcecode.swift; path = SearchResults.swift; sourceTree = "<group>"; };
		9DD136C62694E6AD00D17C00 /* SearchTableViewCell.swift */ = {isa = PBXFileReference; lastKnownFileType = sourcecode.swift; path = SearchTableViewCell.swift; sourceTree = "<group>"; };
		A0406EAAA28BD1EFFCF5A973 /* Pods_StockEye.framework */ = {isa = PBXFileReference; explicitFileType = wrapper.framework; includeInIndex = 0; path = Pods_StockEye.framework; sourceTree = BUILT_PRODUCTS_DIR; };
		A14B3954D2D145C20B9B0674 /* Pods-StockEye.release.xcconfig */ = {isa = PBXFileReference; includeInIndex = 1; lastKnownFileType = text.xcconfig; name = "Pods-StockEye.release.xcconfig"; path = "Target Support Files/Pods-StockEye/Pods-StockEye.release.xcconfig"; sourceTree = "<group>"; };
/* End PBXFileReference section */

/* Begin PBXFrameworksBuildPhase section */
		9D52F2382694DD6600DAF90B /* Frameworks */ = {
			isa = PBXFrameworksBuildPhase;
			buildActionMask = 2147483647;
			files = (
				2EE95CA355A4400E2AB57AB8 /* Pods_StockEye.framework in Frameworks */,
			);
			runOnlyForDeploymentPostprocessing = 0;
		};
/* End PBXFrameworksBuildPhase section */

/* Begin PBXGroup section */
		7190A343E5A61EEDA003C034 /* Frameworks */ = {
			isa = PBXGroup;
			children = (
				A0406EAAA28BD1EFFCF5A973 /* Pods_StockEye.framework */,
			);
			name = Frameworks;
			sourceTree = "<group>";
		};
		9D19354C269729F800BAFD2D /* protocol */ = {
			isa = PBXGroup;
			children = (
				9D19354D26972A1000BAFD2D /* UIAnimatable.swift */,
			);
			path = protocol;
			sourceTree = "<group>";
		};
		9D52F2322694DD6600DAF90B = {
			isa = PBXGroup;
			children = (
				9D52F23D2694DD6600DAF90B /* StockEye */,
				9D52F23C2694DD6600DAF90B /* Products */,
				B2D0F2042F0D7767B678E89C /* Pods */,
				7190A343E5A61EEDA003C034 /* Frameworks */,
			);
			sourceTree = "<group>";
		};
		9D52F23C2694DD6600DAF90B /* Products */ = {
			isa = PBXGroup;
			children = (
				9D52F23B2694DD6600DAF90B /* StockEye.app */,
			);
			name = Products;
			sourceTree = "<group>";
		};
		9D52F23D2694DD6600DAF90B /* StockEye */ = {
			isa = PBXGroup;
			children = (
				9D65BA7B269C676F00581655 /* extensions */,
				9D19354C269729F800BAFD2D /* protocol */,
				9D87777E2695C47A00A6FE7E /* model */,
				9D87777B2695BE5A00A6FE7E /* service */,
				9DD136C52694E69700D17C00 /* controller */,
				9DD136C42694E68600D17C00 /* view */,
				9D52F23E2694DD6600DAF90B /* AppDelegate.swift */,
				9D52F2402694DD6600DAF90B /* SceneDelegate.swift */,
				9D52F2442694DD6600DAF90B /* Main.storyboard */,
				9D52F2472694DD6700DAF90B /* Assets.xcassets */,
				9D52F2492694DD6700DAF90B /* LaunchScreen.storyboard */,
				9D52F24C2694DD6700DAF90B /* Info.plist */,
			);
			path = StockEye;
			sourceTree = "<group>";
		};
		9D65BA7B269C676F00581655 /* extensions */ = {
			isa = PBXGroup;
			children = (
				9D65BA7C269C677B00581655 /* String+Extensions.swift */,
			);
			path = extensions;
			sourceTree = "<group>";
		};
		9D87777B2695BE5A00A6FE7E /* service */ = {
			isa = PBXGroup;
			children = (
				9D87777C2695BE7B00A6FE7E /* APIService.swift */,
			);
			path = service;
			sourceTree = "<group>";
		};
		9D87777E2695C47A00A6FE7E /* model */ = {
			isa = PBXGroup;
			children = (
				9D87777F2695C48400A6FE7E /* SearchResults.swift */,
				9D7434AD26978083004922B4 /* TimeSeriesMonthlyAdjusted.swift */,
				9D65BA7E269C6A7700581655 /* Asset.swift */,
			);
			path = model;
			sourceTree = "<group>";
		};
		9DD136C42694E68600D17C00 /* view */ = {
			isa = PBXGroup;
			children = (
				9DD136C62694E6AD00D17C00 /* SearchTableViewCell.swift */,
				9D19354A2697239900BAFD2D /* SearchPlaceholderView.swift */,
			);
			path = view;
			sourceTree = "<group>";
		};
		9DD136C52694E69700D17C00 /* controller */ = {
			isa = PBXGroup;
			children = (
				9D52F2422694DD6600DAF90B /* SearchTableViewController.swift */,
				9D65BA80269C6CAF00581655 /* CalculatorTableViewController.swift */,
			);
			path = controller;
			sourceTree = "<group>";
		};
		B2D0F2042F0D7767B678E89C /* Pods */ = {
			isa = PBXGroup;
			children = (
				339F12B964F65BDF89D65375 /* Pods-StockEye.debug.xcconfig */,
				A14B3954D2D145C20B9B0674 /* Pods-StockEye.release.xcconfig */,
			);
			path = Pods;
			sourceTree = "<group>";
		};
/* End PBXGroup section */

/* Begin PBXNativeTarget section */
		9D52F23A2694DD6600DAF90B /* StockEye */ = {
			isa = PBXNativeTarget;
			buildConfigurationList = 9D52F24F2694DD6700DAF90B /* Build configuration list for PBXNativeTarget "StockEye" */;
			buildPhases = (
				4B329129B0AA77DB4D3D784D /* [CP] Check Pods Manifest.lock */,
				9D52F2372694DD6600DAF90B /* Sources */,
				9D52F2382694DD6600DAF90B /* Frameworks */,
				9D52F2392694DD6600DAF90B /* Resources */,
				6021A76327DC37F3970D26BD /* [CP] Embed Pods Frameworks */,
			);
			buildRules = (
			);
			dependencies = (
			);
			name = StockEye;
			productName = StockEye;
			productReference = 9D52F23B2694DD6600DAF90B /* StockEye.app */;
			productType = "com.apple.product-type.application";
		};
/* End PBXNativeTarget section */

/* Begin PBXProject section */
		9D52F2332694DD6600DAF90B /* Project object */ = {
			isa = PBXProject;
			attributes = {
				LastSwiftUpdateCheck = 1250;
				LastUpgradeCheck = 1250;
				TargetAttributes = {
					9D52F23A2694DD6600DAF90B = {
						CreatedOnToolsVersion = 12.5;
					};
				};
			};
			buildConfigurationList = 9D52F2362694DD6600DAF90B /* Build configuration list for PBXProject "StockEye" */;
			compatibilityVersion = "Xcode 9.3";
			developmentRegion = en;
			hasScannedForEncodings = 0;
			knownRegions = (
				en,
				Base,
			);
			mainGroup = 9D52F2322694DD6600DAF90B;
			productRefGroup = 9D52F23C2694DD6600DAF90B /* Products */;
			projectDirPath = "";
			projectRoot = "";
			targets = (
				9D52F23A2694DD6600DAF90B /* StockEye */,
			);
		};
/* End PBXProject section */

/* Begin PBXResourcesBuildPhase section */
		9D52F2392694DD6600DAF90B /* Resources */ = {
			isa = PBXResourcesBuildPhase;
			buildActionMask = 2147483647;
			files = (
				9D52F24B2694DD6700DAF90B /* LaunchScreen.storyboard in Resources */,
				9D52F2482694DD6700DAF90B /* Assets.xcassets in Resources */,
				9D52F2462694DD6600DAF90B /* Main.storyboard in Resources */,
			);
			runOnlyForDeploymentPostprocessing = 0;
		};
/* End PBXResourcesBuildPhase section */

/* Begin PBXShellScriptBuildPhase section */
		4B329129B0AA77DB4D3D784D /* [CP] Check Pods Manifest.lock */ = {
			isa = PBXShellScriptBuildPhase;
			buildActionMask = 2147483647;
			files = (
			);
			inputFileListPaths = (
			);
			inputPaths = (
				"${PODS_PODFILE_DIR_PATH}/Podfile.lock",
				"${PODS_ROOT}/Manifest.lock",
			);
			name = "[CP] Check Pods Manifest.lock";
			outputFileListPaths = (
			);
			outputPaths = (
				"$(DERIVED_FILE_DIR)/Pods-StockEye-checkManifestLockResult.txt",
			);
			runOnlyForDeploymentPostprocessing = 0;
			shellPath = /bin/sh;
			shellScript = "diff \"${PODS_PODFILE_DIR_PATH}/Podfile.lock\" \"${PODS_ROOT}/Manifest.lock\" > /dev/null\nif [ $? != 0 ] ; then\n    # print error to STDERR\n    echo \"error: The sandbox is not in sync with the Podfile.lock. Run 'pod install' or update your CocoaPods installation.\" >&2\n    exit 1\nfi\n# This output is used by Xcode 'outputs' to avoid re-running this script phase.\necho \"SUCCESS\" > \"${SCRIPT_OUTPUT_FILE_0}\"\n";
			showEnvVarsInLog = 0;
		};
		6021A76327DC37F3970D26BD /* [CP] Embed Pods Frameworks */ = {
			isa = PBXShellScriptBuildPhase;
			buildActionMask = 2147483647;
			files = (
			);
			inputFileListPaths = (
				"${PODS_ROOT}/Target Support Files/Pods-StockEye/Pods-StockEye-frameworks-${CONFIGURATION}-input-files.xcfilelist",
			);
			name = "[CP] Embed Pods Frameworks";
			outputFileListPaths = (
				"${PODS_ROOT}/Target Support Files/Pods-StockEye/Pods-StockEye-frameworks-${CONFIGURATION}-output-files.xcfilelist",
			);
			runOnlyForDeploymentPostprocessing = 0;
			shellPath = /bin/sh;
			shellScript = "\"${PODS_ROOT}/Target Support Files/Pods-StockEye/Pods-StockEye-frameworks.sh\"\n";
			showEnvVarsInLog = 0;
		};
/* End PBXShellScriptBuildPhase section */

/* Begin PBXSourcesBuildPhase section */
		9D52F2372694DD6600DAF90B /* Sources */ = {
			isa = PBXSourcesBuildPhase;
			buildActionMask = 2147483647;
			files = (
				9D65BA7D269C677B00581655 /* String+Extensions.swift in Sources */,
				9D52F2432694DD6600DAF90B /* SearchTableViewController.swift in Sources */,
				9D19354E26972A1000BAFD2D /* UIAnimatable.swift in Sources */,
				9D65BA81269C6CAF00581655 /* CalculatorTableViewController.swift in Sources */,
				9D65BA7F269C6A7700581655 /* Asset.swift in Sources */,
				9D87777D2695BE7B00A6FE7E /* APIService.swift in Sources */,
				9DD136C72694E6AD00D17C00 /* SearchTableViewCell.swift in Sources */,
				9D52F23F2694DD6600DAF90B /* AppDelegate.swift in Sources */,
				9D7434AE26978083004922B4 /* TimeSeriesMonthlyAdjusted.swift in Sources */,
				9D8777802695C48400A6FE7E /* SearchResults.swift in Sources */,
				9D52F2412694DD6600DAF90B /* SceneDelegate.swift in Sources */,
				9D19354B2697239900BAFD2D /* SearchPlaceholderView.swift in Sources */,
			);
			runOnlyForDeploymentPostprocessing = 0;
		};
/* End PBXSourcesBuildPhase section */

/* Begin PBXVariantGroup section */
		9D52F2442694DD6600DAF90B /* Main.storyboard */ = {
			isa = PBXVariantGroup;
			children = (
				9D52F2452694DD6600DAF90B /* Base */,
			);
			name = Main.storyboard;
			sourceTree = "<group>";
		};
		9D52F2492694DD6700DAF90B /* LaunchScreen.storyboard */ = {
			isa = PBXVariantGroup;
			children = (
				9D52F24A2694DD6700DAF90B /* Base */,
			);
			name = LaunchScreen.storyboard;
			sourceTree = "<group>";
		};
/* End PBXVariantGroup section */

/* Begin XCBuildConfiguration section */
		9D52F24D2694DD6700DAF90B /* Debug */ = {
			isa = XCBuildConfiguration;
			buildSettings = {
				ALWAYS_SEARCH_USER_PATHS = NO;
				CLANG_ANALYZER_NONNULL = YES;
				CLANG_ANALYZER_NUMBER_OBJECT_CONVERSION = YES_AGGRESSIVE;
				CLANG_CXX_LANGUAGE_STANDARD = "gnu++14";
				CLANG_CXX_LIBRARY = "libc++";
				CLANG_ENABLE_MODULES = YES;
				CLANG_ENABLE_OBJC_ARC = YES;
				CLANG_ENABLE_OBJC_WEAK = YES;
				CLANG_WARN_BLOCK_CAPTURE_AUTORELEASING = YES;
				CLANG_WARN_BOOL_CONVERSION = YES;
				CLANG_WARN_COMMA = YES;
				CLANG_WARN_CONSTANT_CONVERSION = YES;
				CLANG_WARN_DEPRECATED_OBJC_IMPLEMENTATIONS = YES;
				CLANG_WARN_DIRECT_OBJC_ISA_USAGE = YES_ERROR;
				CLANG_WARN_DOCUMENTATION_COMMENTS = YES;
				CLANG_WARN_EMPTY_BODY = YES;
				CLANG_WARN_ENUM_CONVERSION = YES;
				CLANG_WARN_INFINITE_RECURSION = YES;
				CLANG_WARN_INT_CONVERSION = YES;
				CLANG_WARN_NON_LITERAL_NULL_CONVERSION = YES;
				CLANG_WARN_OBJC_IMPLICIT_RETAIN_SELF = YES;
				CLANG_WARN_OBJC_LITERAL_CONVERSION = YES;
				CLANG_WARN_OBJC_ROOT_CLASS = YES_ERROR;
				CLANG_WARN_QUOTED_INCLUDE_IN_FRAMEWORK_HEADER = YES;
				CLANG_WARN_RANGE_LOOP_ANALYSIS = YES;
				CLANG_WARN_STRICT_PROTOTYPES = YES;
				CLANG_WARN_SUSPICIOUS_MOVE = YES;
				CLANG_WARN_UNGUARDED_AVAILABILITY = YES_AGGRESSIVE;
				CLANG_WARN_UNREACHABLE_CODE = YES;
				CLANG_WARN__DUPLICATE_METHOD_MATCH = YES;
				COPY_PHASE_STRIP = NO;
				DEBUG_INFORMATION_FORMAT = dwarf;
				ENABLE_STRICT_OBJC_MSGSEND = YES;
				ENABLE_TESTABILITY = YES;
				GCC_C_LANGUAGE_STANDARD = gnu11;
				GCC_DYNAMIC_NO_PIC = NO;
				GCC_NO_COMMON_BLOCKS = YES;
				GCC_OPTIMIZATION_LEVEL = 0;
				GCC_PREPROCESSOR_DEFINITIONS = (
					"DEBUG=1",
					"$(inherited)",
				);
				GCC_WARN_64_TO_32_BIT_CONVERSION = YES;
				GCC_WARN_ABOUT_RETURN_TYPE = YES_ERROR;
				GCC_WARN_UNDECLARED_SELECTOR = YES;
				GCC_WARN_UNINITIALIZED_AUTOS = YES_AGGRESSIVE;
				GCC_WARN_UNUSED_FUNCTION = YES;
				GCC_WARN_UNUSED_VARIABLE = YES;
				IPHONEOS_DEPLOYMENT_TARGET = 14.5;
				MTL_ENABLE_DEBUG_INFO = INCLUDE_SOURCE;
				MTL_FAST_MATH = YES;
				ONLY_ACTIVE_ARCH = YES;
				SDKROOT = iphoneos;
				SWIFT_ACTIVE_COMPILATION_CONDITIONS = DEBUG;
				SWIFT_OPTIMIZATION_LEVEL = "-Onone";
			};
			name = Debug;
		};
		9D52F24E2694DD6700DAF90B /* Release */ = {
			isa = XCBuildConfiguration;
			buildSettings = {
				ALWAYS_SEARCH_USER_PATHS = NO;
				CLANG_ANALYZER_NONNULL = YES;
				CLANG_ANALYZER_NUMBER_OBJECT_CONVERSION = YES_AGGRESSIVE;
				CLANG_CXX_LANGUAGE_STANDARD = "gnu++14";
				CLANG_CXX_LIBRARY = "libc++";
				CLANG_ENABLE_MODULES = YES;
				CLANG_ENABLE_OBJC_ARC = YES;
				CLANG_ENABLE_OBJC_WEAK = YES;
				CLANG_WARN_BLOCK_CAPTURE_AUTORELEASING = YES;
				CLANG_WARN_BOOL_CONVERSION = YES;
				CLANG_WARN_COMMA = YES;
				CLANG_WARN_CONSTANT_CONVERSION = YES;
				CLANG_WARN_DEPRECATED_OBJC_IMPLEMENTATIONS = YES;
				CLANG_WARN_DIRECT_OBJC_ISA_USAGE = YES_ERROR;
				CLANG_WARN_DOCUMENTATION_COMMENTS = YES;
				CLANG_WARN_EMPTY_BODY = YES;
				CLANG_WARN_ENUM_CONVERSION = YES;
				CLANG_WARN_INFINITE_RECURSION = YES;
				CLANG_WARN_INT_CONVERSION = YES;
				CLANG_WARN_NON_LITERAL_NULL_CONVERSION = YES;
				CLANG_WARN_OBJC_IMPLICIT_RETAIN_SELF = YES;
				CLANG_WARN_OBJC_LITERAL_CONVERSION = YES;
				CLANG_WARN_OBJC_ROOT_CLASS = YES_ERROR;
				CLANG_WARN_QUOTED_INCLUDE_IN_FRAMEWORK_HEADER = YES;
				CLANG_WARN_RANGE_LOOP_ANALYSIS = YES;
				CLANG_WARN_STRICT_PROTOTYPES = YES;
				CLANG_WARN_SUSPICIOUS_MOVE = YES;
				CLANG_WARN_UNGUARDED_AVAILABILITY = YES_AGGRESSIVE;
				CLANG_WARN_UNREACHABLE_CODE = YES;
				CLANG_WARN__DUPLICATE_METHOD_MATCH = YES;
				COPY_PHASE_STRIP = NO;
				DEBUG_INFORMATION_FORMAT = "dwarf-with-dsym";
				ENABLE_NS_ASSERTIONS = NO;
				ENABLE_STRICT_OBJC_MSGSEND = YES;
				GCC_C_LANGUAGE_STANDARD = gnu11;
				GCC_NO_COMMON_BLOCKS = YES;
				GCC_WARN_64_TO_32_BIT_CONVERSION = YES;
				GCC_WARN_ABOUT_RETURN_TYPE = YES_ERROR;
				GCC_WARN_UNDECLARED_SELECTOR = YES;
				GCC_WARN_UNINITIALIZED_AUTOS = YES_AGGRESSIVE;
				GCC_WARN_UNUSED_FUNCTION = YES;
				GCC_WARN_UNUSED_VARIABLE = YES;
				IPHONEOS_DEPLOYMENT_TARGET = 14.5;
				MTL_ENABLE_DEBUG_INFO = NO;
				MTL_FAST_MATH = YES;
				SDKROOT = iphoneos;
				SWIFT_COMPILATION_MODE = wholemodule;
				SWIFT_OPTIMIZATION_LEVEL = "-O";
				VALIDATE_PRODUCT = YES;
			};
			name = Release;
		};
		9D52F2502694DD6700DAF90B /* Debug */ = {
			isa = XCBuildConfiguration;
			baseConfigurationReference = 339F12B964F65BDF89D65375 /* Pods-StockEye.debug.xcconfig */;
			buildSettings = {
				ASSETCATALOG_COMPILER_APPICON_NAME = AppIcon;
				ASSETCATALOG_COMPILER_GLOBAL_ACCENT_COLOR_NAME = AccentColor;
				CODE_SIGN_STYLE = Automatic;
				DEVELOPMENT_TEAM = 5P23SJPP72;
				INFOPLIST_FILE = StockEye/Info.plist;
				LD_RUNPATH_SEARCH_PATHS = (
					"$(inherited)",
					"@executable_path/Frameworks",
				);
				PRODUCT_BUNDLE_IDENTIFIER = com.ankitatdelhii.swiftuistarter.StockEye;
				PRODUCT_NAME = "$(TARGET_NAME)";
				SWIFT_VERSION = 5.0;
				TARGETED_DEVICE_FAMILY = "1,2";
			};
			name = Debug;
		};
		9D52F2512694DD6700DAF90B /* Release */ = {
			isa = XCBuildConfiguration;
			baseConfigurationReference = A14B3954D2D145C20B9B0674 /* Pods-StockEye.release.xcconfig */;
			buildSettings = {
				ASSETCATALOG_COMPILER_APPICON_NAME = AppIcon;
				ASSETCATALOG_COMPILER_GLOBAL_ACCENT_COLOR_NAME = AccentColor;
				CODE_SIGN_STYLE = Automatic;
				DEVELOPMENT_TEAM = 5P23SJPP72;
				INFOPLIST_FILE = StockEye/Info.plist;
				LD_RUNPATH_SEARCH_PATHS = (
					"$(inherited)",
					"@executable_path/Frameworks",
				);
				PRODUCT_BUNDLE_IDENTIFIER = com.ankitatdelhii.swiftuistarter.StockEye;
				PRODUCT_NAME = "$(TARGET_NAME)";
				SWIFT_VERSION = 5.0;
				TARGETED_DEVICE_FAMILY = "1,2";
			};
			name = Release;
		};
/* End XCBuildConfiguration section */

/* Begin XCConfigurationList section */
		9D52F2362694DD6600DAF90B /* Build configuration list for PBXProject "StockEye" */ = {
			isa = XCConfigurationList;
			buildConfigurations = (
				9D52F24D2694DD6700DAF90B /* Debug */,
				9D52F24E2694DD6700DAF90B /* Release */,
			);
			defaultConfigurationIsVisible = 0;
			defaultConfigurationName = Release;
		};
		9D52F24F2694DD6700DAF90B /* Build configuration list for PBXNativeTarget "StockEye" */ = {
			isa = XCConfigurationList;
			buildConfigurations = (
				9D52F2502694DD6700DAF90B /* Debug */,
				9D52F2512694DD6700DAF90B /* Release */,
			);
			defaultConfigurationIsVisible = 0;
			defaultConfigurationName = Release;
		};
/* End XCConfigurationList section */
	};
	rootObject = 9D52F2332694DD6600DAF90B /* Project object */;
}
